
Microsoft Visual Studio Solution File, Format Version 12.00
# Visual Studio 15
VisualStudioVersion = 15.0.27703.2035
MinimumVisualStudioVersion = 10.0.40219.1
Project("{FAE04EC0-301F-11D3-BF4B-00C04F79EFBC}") = "AndroidXAMLApp.Android", "AndroidXAMLApp\AndroidXAMLApp.Android\AndroidXAMLApp.Android.csproj", "{21AFD0CB-1D0F-4332-B066-F21CA65FEEC8}"
EndProject
Project("{D954291E-2A0B-460D-934E-DC6B0785DB48}") = "AndroidXAMLApp", "AndroidXAMLApp\AndroidXAMLApp\AndroidXAMLApp.shproj", "{0EB428C1-61BC-49DC-AD52-D6B8F6A442D8}"
EndProject
Global
	GlobalSection(SharedMSBuildProjectFiles) = preSolution
		AndroidXAMLApp\AndroidXAMLApp\AndroidXAMLApp.projitems*{0eb428c1-61bc-49dc-ad52-d6b8f6a442d8}*SharedItemsImports = 13
		AndroidXAMLApp\AndroidXAMLApp\AndroidXAMLApp.projitems*{21afd0cb-1d0f-4332-b066-f21ca65feec8}*SharedItemsImports = 4
	EndGlobalSection
	GlobalSection(SolutionConfigurationPlatforms) = preSolution
		Debug|Any CPU = Debug|Any CPU
		Release|Any CPU = Release|Any CPU
	EndGlobalSection
	GlobalSection(ProjectConfigurationPlatforms) = postSolution
		{21AFD0CB-1D0F-4332-B066-F21CA65FEEC8}.Debug|Any CPU.ActiveCfg = Debug|Any CPU
		{21AFD0CB-1D0F-4332-B066-F21CA65FEEC8}.Debug|Any CPU.Build.0 = Debug|Any CPU
		{21AFD0CB-1D0F-4332-B066-F21CA65FEEC8}.Debug|Any CPU.Deploy.0 = Debug|Any CPU
		{21AFD0CB-1D0F-4332-B066-F21CA65FEEC8}.Release|Any CPU.ActiveCfg = Release|Any CPU
		{21AFD0CB-1D0F-4332-B066-F21CA65FEEC8}.Release|Any CPU.Build.0 = Release|Any CPU
		{21AFD0CB-1D0F-4332-B066-F21CA65FEEC8}.Release|Any CPU.Deploy.0 = Release|Any CPU
	EndGlobalSection
	GlobalSection(SolutionProperties) = preSolution
		HideSolutionNode = FALSE
	EndGlobalSection
	GlobalSection(ExtensibilityGlobals) = postSolution
		SolutionGuid = {8B8B1A93-BAF6-4110-B75A-0F575050ABDC}
	EndGlobalSection
EndGlobal
